<?xml version="1.0" encoding="UTF-8" standalone="yes" ?>
<CodeBlocks_project_file>
	<FileVersion major="1" minor="6" />
	<Project>
		<Option title="IndevBuggedGame" />
		<Option pch_mode="2" />
		<Option compiler="gcc" />
		<Build>
			<Target title="Debug">
				<Option output="bin/Debug/IndevBuggedGame" prefix_auto="1" extension_auto="1" />
				<Option object_output="obj/Debug/" />
				<Option type="1" />
				<Option compiler="gcc" />
				<Compiler>
					<Add option="-g" />
				</Compiler>
				<Linker>
					<Add option="-lsfml-graphics-d" />
					<Add option="-lsfml-window-d" />
					<Add option="-lsfml-system-d" />
				</Linker>
			</Target>
			<Target title="Release">
				<Option output="bin/Release/IndevBuggedGame" prefix_auto="1" extension_auto="1" />
				<Option object_output="obj/Release/" />
				<Option type="1" />
				<Option compiler="gcc" />
				<Compiler>
					<Add option="-O2" />
				</Compiler>
				<Linker>
					<Add option="-s" />
					<Add option="-lsfml-graphics" />
					<Add option="-lsfml-window" />
					<Add option="-lsfml-system" />
				</Linker>
			</Target>
		</Build>
		<Compiler>
			<Add option="-pedantic" />
			<Add option="-Wextra" />
			<Add option="-Wall" />
			<Add option="-std=c++11" />
			<Add option="-fexceptions" />
			<Add directory="C:/Program Files (x86)/SFML-2.3.2/include" />
		</Compiler>
		<Linker>
			<Add directory="C:/Program Files (x86)/SFML-2.3.2/lib" />
		</Linker>
		<Unit filename="block.cpp" />
		<Unit filename="block.hpp" />
		<Unit filename="blockManager.cpp" />
		<Unit filename="blockManager.hpp" />
		<Unit filename="character.hpp" />
		<Unit filename="collision.cpp" />
		<Unit filename="collision.hpp" />
		<Unit filename="collision1.cpp" />
		<Unit filename="collision1.hpp" />
		<Unit filename="editLevelState.cpp" />
		<Unit filename="editLevelState.hpp" />
		<Unit filename="event.cpp" />
		<Unit filename="event.hpp" />
		<Unit filename="eventManager.cpp" />
		<Unit filename="eventManager.hpp" />
		<Unit filename="game.cpp" />
		<Unit filename="game.hpp" />
		<Unit filename="gamePlayed.cpp" />
		<Unit filename="gamePlayed.hpp" />
		<Unit filename="gameState.hpp" />
		<Unit filename="gameStateStack.cpp" />
		<Unit filename="gameStateStack.hpp" />
		<Unit filename="global.cpp" />
		<Unit filename="global.hpp" />
		<Unit filename="levelManager.cpp" />
		<Unit filename="levelManager.hpp" />
		<Unit filename="main.cpp" />
		<Unit filename="mainMenuState.cpp" />
		<Unit filename="mainMenuState.hpp" />
		<Unit filename="messageManager.cpp" />
		<Unit filename="messageManager.hpp" />
		<Unit filename="messageState.cpp" />
		<Unit filename="messageState.hpp" />
		<Unit filename="movement.hpp" />
		<Unit filename="movement1.cpp" />
		<Unit filename="movement1.hpp" />
		<Unit filename="movementX.cpp" />
		<Unit filename="movementX.hpp" />
		<Unit filename="particle.cpp" />
		<Unit filename="particle.hpp" />
		<Unit filename="particleManager.cpp" />
		<Unit filename="particleManager.hpp" />
		<Unit filename="particleMotor.cpp" />
		<Unit filename="particleMotor.hpp" />
		<Unit filename="playState.cpp" />
		<Unit filename="playState.hpp" />
		<Unit filename="playerPlay.cpp" />
		<Unit filename="playerPlay.hpp" />
		<Unit filename="screenTransitionState.cpp" />
		<Unit filename="screenTransitionState.hpp" />
		<Unit filename="startScreenState.cpp" />
		<Unit filename="startScreenState.hpp" />
		<Unit filename="utilities.cpp" />
		<Unit filename="utilities.hpp" />
		<Unit filename="widgetCursor.cpp" />
		<Unit filename="widgetCursor.hpp" />
		<Unit filename="widgetText.cpp" />
		<Unit filename="widgetText.hpp" />
		<Extensions>
			<code_completion />
			<envvars />
			<debugger />
			<lib_finder disable_auto="1" />
		</Extensions>
	</Project>
</CodeBlocks_project_file>
